
Microsoft Visual Studio Solution File, Format Version 12.00
# Visual Studio Version 17
VisualStudioVersion = 17.7.34202.233
MinimumVisualStudioVersion = 10.0.40219.1
Project("{FAE04EC0-301F-11D3-BF4B-00C04F79EFBC}") = "SistemaLivros", "SistemaLivros\SistemaLivros.csproj", "{D45F630D-3788-4CF9-8EF1-30C280AF1C24}"
EndProject
Global
	GlobalSection(SolutionConfigurationPlatforms) = preSolution
		Debug|Any CPU = Debug|Any CPU
		Release|Any CPU = Release|Any CPU
	EndGlobalSection
	GlobalSection(ProjectConfigurationPlatforms) = postSolution
		{D45F630D-3788-4CF9-8EF1-30C280AF1C24}.Debug|Any CPU.ActiveCfg = Debug|Any CPU
		{D45F630D-3788-4CF9-8EF1-30C280AF1C24}.Debug|Any CPU.Build.0 = Debug|Any CPU
		{D45F630D-3788-4CF9-8EF1-30C280AF1C24}.Release|Any CPU.ActiveCfg = Release|Any CPU
		{D45F630D-3788-4CF9-8EF1-30C280AF1C24}.Release|Any CPU.Build.0 = Release|Any CPU
	EndGlobalSection
	GlobalSection(SolutionProperties) = preSolution
		HideSolutionNode = FALSE
	EndGlobalSection
	GlobalSection(ExtensibilityGlobals) = postSolution
		SolutionGuid = {A54855DD-8418-4484-BC78-0907E334DE52}
	EndGlobalSection
EndGlobal
